
Microsoft Visual Studio Solution File, Format Version 12.00
# Visual Studio 15
VisualStudioVersion = 15.0.27130.2010
MinimumVisualStudioVersion = 10.0.40219.1
Project("{9A19103F-16F7-4668-BE54-9A1E7A4F7556}") = "AngularASPNETCore2WebApiAuth", "AngularASPNETCore2WebApiAuth.csproj", "{27E2D292-D66B-47A1-AFF0-5DBADD669799}"
EndProject
Global
	GlobalSection(SolutionConfigurationPlatforms) = preSolution
		Debug|Any CPU = Debug|Any CPU
		Release|Any CPU = Release|Any CPU
	EndGlobalSection
	GlobalSection(ProjectConfigurationPlatforms) = postSolution
		{27E2D292-D66B-47A1-AFF0-5DBADD669799}.Debug|Any CPU.ActiveCfg = Debug|Any CPU
		{27E2D292-D66B-47A1-AFF0-5DBADD669799}.Debug|Any CPU.Build.0 = Debug|Any CPU
		{27E2D292-D66B-47A1-AFF0-5DBADD669799}.Release|Any CPU.ActiveCfg = Release|Any CPU
		{27E2D292-D66B-47A1-AFF0-5DBADD669799}.Release|Any CPU.Build.0 = Release|Any CPU
	EndGlobalSection
	GlobalSection(SolutionProperties) = preSolution
		HideSolutionNode = FALSE
	EndGlobalSection
	GlobalSection(ExtensibilityGlobals) = postSolution
		SolutionGuid = {6A8165CF-7DCC-4821-9956-A3E79FF34691}
	EndGlobalSection
EndGlobal
